
Microsoft Visual Studio Solution File, Format Version 12.00
# Visual Studio 2012
Project("{FAE04EC0-301F-11D3-BF4B-00C04F79EFBC}") = "ES.Lab", "ES.Lab\ES.Lab.csproj", "{167FB8EA-873C-49F8-AF38-8B72F0257B5A}"
EndProject
Project("{2150E333-8FDC-42A3-9474-1A3956D46DE8}") = ".nuget", ".nuget", "{00450FCD-6B96-41B5-8010-387C283A5C3D}"
	ProjectSection(SolutionItems) = preProject
		.nuget\NuGet.Config = .nuget\NuGet.Config
		.nuget\NuGet.exe = .nuget\NuGet.exe
		.nuget\NuGet.targets = .nuget\NuGet.targets
	EndProjectSection
EndProject
Project("{FAE04EC0-301F-11D3-BF4B-00C04F79EFBC}") = "ES.Lab.Api", "ES.Lab.Api\ES.Lab.Api.csproj", "{E47C3860-153F-4038-8850-B085FE192735}"
EndProject
Project("{FAE04EC0-301F-11D3-BF4B-00C04F79EFBC}") = "ES.Lab.Infrastructure", "ES.Lab.Infrastructure\ES.Lab.Infrastructure.csproj", "{9998BE6F-F0E8-43BD-9D1B-A09AA3A05308}"
EndProject
Global
	GlobalSection(SolutionConfigurationPlatforms) = preSolution
		Debug|Any CPU = Debug|Any CPU
		Release|Any CPU = Release|Any CPU
	EndGlobalSection
	GlobalSection(ProjectConfigurationPlatforms) = postSolution
		{167FB8EA-873C-49F8-AF38-8B72F0257B5A}.Debug|Any CPU.ActiveCfg = Debug|Any CPU
		{167FB8EA-873C-49F8-AF38-8B72F0257B5A}.Debug|Any CPU.Build.0 = Debug|Any CPU
		{167FB8EA-873C-49F8-AF38-8B72F0257B5A}.Release|Any CPU.ActiveCfg = Release|Any CPU
		{167FB8EA-873C-49F8-AF38-8B72F0257B5A}.Release|Any CPU.Build.0 = Release|Any CPU
		{E47C3860-153F-4038-8850-B085FE192735}.Debug|Any CPU.ActiveCfg = Debug|Any CPU
		{E47C3860-153F-4038-8850-B085FE192735}.Debug|Any CPU.Build.0 = Debug|Any CPU
		{E47C3860-153F-4038-8850-B085FE192735}.Release|Any CPU.ActiveCfg = Release|Any CPU
		{E47C3860-153F-4038-8850-B085FE192735}.Release|Any CPU.Build.0 = Release|Any CPU
		{9998BE6F-F0E8-43BD-9D1B-A09AA3A05308}.Debug|Any CPU.ActiveCfg = Debug|Any CPU
		{9998BE6F-F0E8-43BD-9D1B-A09AA3A05308}.Debug|Any CPU.Build.0 = Debug|Any CPU
		{9998BE6F-F0E8-43BD-9D1B-A09AA3A05308}.Release|Any CPU.ActiveCfg = Release|Any CPU
		{9998BE6F-F0E8-43BD-9D1B-A09AA3A05308}.Release|Any CPU.Build.0 = Release|Any CPU
	EndGlobalSection
	GlobalSection(SolutionProperties) = preSolution
		HideSolutionNode = FALSE
	EndGlobalSection
EndGlobal
